
Microsoft Visual Studio Solution File, Format Version 12.00
# Visual Studio Version 17
VisualStudioVersion = 17.11.35312.102
MinimumVisualStudioVersion = 10.0.40219.1
Project("{2150E333-8FDC-42A3-9474-1A3956D46DE8}") = "Task0", "Task0", "{A33F4673-E49E-4425-89F1-9C37729A306D}"
EndProject
Project("{9A19103F-16F7-4668-BE54-9A1E7A4F7556}") = "Tyuiu.HoteevaEV.Sprint1.Task0.V1", "Tyuiu.HoteevaEV.Sprint1.Task0.V1\Tyuiu.HoteevaEV.Sprint1.Task0.V1.csproj", "{14BA5A11-16DC-4D8E-B1DF-E6D8682613DD}"
EndProject
Project("{9A19103F-16F7-4668-BE54-9A1E7A4F7556}") = "Tyuiu.HoteevaEV.Sprint1.Task0.V1.Lib", "Tyuiu.HoteevaEV.Sprint1.Task0.V1.Lib\Tyuiu.HoteevaEV.Sprint1.Task0.V1.Lib.csproj", "{414FE1F9-FBDC-4674-99CF-F64B235C37F4}"
EndProject
Project("{9A19103F-16F7-4668-BE54-9A1E7A4F7556}") = "Tyuiu.HoteevaEV.Sprint1.Task0.V1.Test", "Tyuiu.HoteevaEV.Sprint1.Task0.V1.Test\Tyuiu.HoteevaEV.Sprint1.Task0.V1.Test.csproj", "{9ECD8283-9FE7-4DCA-9493-798DE2B3B3F6}"
EndProject
Project("{2150E333-8FDC-42A3-9474-1A3956D46DE8}") = "Task1", "Task1", "{7153BA8F-C6F8-45FC-A271-06A710FD6F5E}"
EndProject
Project("{9A19103F-16F7-4668-BE54-9A1E7A4F7556}") = "Tyuiu.HoteevaEV.Sprint1.Task1.V14", "Tyuiu.HoteevaEV.Sprint1.Task1.V14\Tyuiu.HoteevaEV.Sprint1.Task1.V14.csproj", "{D2494F36-30CD-43EF-8C99-C028B87FE6CE}"
EndProject
Project("{9A19103F-16F7-4668-BE54-9A1E7A4F7556}") = "Tyuiu.HoteevaEV.Sprint1.Task1.V14.Lib", "Tyuiu.HoteevaEV.Sprint1.Task1.V14.Lib\Tyuiu.HoteevaEV.Sprint1.Task1.V14.Lib.csproj", "{5B18EC9C-EF29-4593-8D28-B00F566BB7B0}"
EndProject
Project("{9A19103F-16F7-4668-BE54-9A1E7A4F7556}") = "Tyuiu.HoteevaEV.Sprint1.Task1.V14.Test", "Tyuiu.HoteevaEV.Sprint1.Task1.V14.Test\Tyuiu.HoteevaEV.Sprint1.Task1.V14.Test.csproj", "{19EF769F-FC7D-4383-80AF-6025D4EB5209}"
EndProject
Project("{2150E333-8FDC-42A3-9474-1A3956D46DE8}") = "Task2", "Task2", "{9DBFF7FB-9C46-459D-954F-4519A2410EC2}"
EndProject
Project("{9A19103F-16F7-4668-BE54-9A1E7A4F7556}") = "Tyuiu.HoteevaEV.Sprint1.Task2.V29", "Tyuiu.HoteevaEV.Sprint1.Task2.V29\Tyuiu.HoteevaEV.Sprint1.Task2.V29.csproj", "{5780BBC1-C359-4CA1-A7E1-6E4DA92EDF61}"
EndProject
Project("{9A19103F-16F7-4668-BE54-9A1E7A4F7556}") = "Tyuiu.HoteevaEV.Sprint1.Task2.V29.Lib", "Tyuiu.HoteevaEV.Sprint1.Task2.V29.Lib\Tyuiu.HoteevaEV.Sprint1.Task2.V29.Lib.csproj", "{924E50DD-5A22-4541-9113-41348E24502D}"
EndProject
Project("{9A19103F-16F7-4668-BE54-9A1E7A4F7556}") = "Tyuiu.HoteevaEV.Sprint1.Task2.V29.Test", "Tyuiu.HoteevaEV.Sprint1.Task2.V29.Test\Tyuiu.HoteevaEV.Sprint1.Task2.V29.Test.csproj", "{2A04BA9D-8318-4DD6-AB3D-7D350F1C2C22}"
EndProject
Project("{2150E333-8FDC-42A3-9474-1A3956D46DE8}") = "Task3", "Task3", "{5C138345-110D-49FB-8720-4CBD344C09A8}"
EndProject
Project("{9A19103F-16F7-4668-BE54-9A1E7A4F7556}") = "Tyuiu.HoteevaEV.Sprint1.Task3.V6", "Tyuiu.HoteevaEV.Sprint1.Task3.V6\Tyuiu.HoteevaEV.Sprint1.Task3.V6.csproj", "{8AAA9D07-B02A-4442-806C-C74E991A079C}"
EndProject
Project("{9A19103F-16F7-4668-BE54-9A1E7A4F7556}") = "Tyuiu.HoteevaEV.Sprint1.Task3.V6.Lib", "Tyuiu.HoteevaEV.Sprint1.Task3.V6.Lib\Tyuiu.HoteevaEV.Sprint1.Task3.V6.Lib.csproj", "{4B34D8C7-3415-4718-BD5B-579B635344F6}"
EndProject
Project("{9A19103F-16F7-4668-BE54-9A1E7A4F7556}") = "Tyuiu.HoteevaEV.Sprint1.Task3.V6.Test", "Tyuiu.HoteevaEV.Sprint1.Task3.V6.Test\Tyuiu.HoteevaEV.Sprint1.Task3.V6.Test.csproj", "{027A92E3-FD75-430D-8B05-546D14C71B97}"
EndProject
Project("{2150E333-8FDC-42A3-9474-1A3956D46DE8}") = "Task4", "Task4", "{FCF675D9-80D2-411F-85D7-7DF8152CB963}"
EndProject
Project("{FAE04EC0-301F-11D3-BF4B-00C04F79EFBC}") = "Tyuiu.HoteevaEV.Sprint1.Task4.V24", "Tyuiu.HoteevaEV.Sprint1.Task4.V24\Tyuiu.HoteevaEV.Sprint1.Task4.V24.csproj", "{0C94C5B8-37E2-4D3E-8BA8-66D9A7056214}"
EndProject
Project("{FAE04EC0-301F-11D3-BF4B-00C04F79EFBC}") = "Tyuiu.HoteevaEV.Sprint1.Task4.V24.Lib", "Tyuiu.HoteevaEV.Sprint1.Task4.V24.Lib\Tyuiu.HoteevaEV.Sprint1.Task4.V24.Lib.csproj", "{956528EE-962D-4559-B87C-6ACD7633BD57}"
EndProject
Project("{FAE04EC0-301F-11D3-BF4B-00C04F79EFBC}") = "Tyuiu.HoteevaEV.Sprint1.Task4.V24.Test", "Tyuiu.HoteevaEV.Sprint1.Task4.V24.Test\Tyuiu.HoteevaEV.Sprint1.Task4.V24.Test.csproj", "{6AE41422-C7EA-4268-8E42-E882F71489D3}"
EndProject
Global
	GlobalSection(SolutionConfigurationPlatforms) = preSolution
		Debug|Any CPU = Debug|Any CPU
		Release|Any CPU = Release|Any CPU
	EndGlobalSection
	GlobalSection(ProjectConfigurationPlatforms) = postSolution
		{14BA5A11-16DC-4D8E-B1DF-E6D8682613DD}.Debug|Any CPU.ActiveCfg = Debug|Any CPU
		{14BA5A11-16DC-4D8E-B1DF-E6D8682613DD}.Debug|Any CPU.Build.0 = Debug|Any CPU
		{14BA5A11-16DC-4D8E-B1DF-E6D8682613DD}.Release|Any CPU.ActiveCfg = Release|Any CPU
		{14BA5A11-16DC-4D8E-B1DF-E6D8682613DD}.Release|Any CPU.Build.0 = Release|Any CPU
		{414FE1F9-FBDC-4674-99CF-F64B235C37F4}.Debug|Any CPU.ActiveCfg = Debug|Any CPU
		{414FE1F9-FBDC-4674-99CF-F64B235C37F4}.Debug|Any CPU.Build.0 = Debug|Any CPU
		{414FE1F9-FBDC-4674-99CF-F64B235C37F4}.Release|Any CPU.ActiveCfg = Release|Any CPU
		{414FE1F9-FBDC-4674-99CF-F64B235C37F4}.Release|Any CPU.Build.0 = Release|Any CPU
		{9ECD8283-9FE7-4DCA-9493-798DE2B3B3F6}.Debug|Any CPU.ActiveCfg = Debug|Any CPU
		{9ECD8283-9FE7-4DCA-9493-798DE2B3B3F6}.Debug|Any CPU.Build.0 = Debug|Any CPU
		{9ECD8283-9FE7-4DCA-9493-798DE2B3B3F6}.Release|Any CPU.ActiveCfg = Release|Any CPU
		{9ECD8283-9FE7-4DCA-9493-798DE2B3B3F6}.Release|Any CPU.Build.0 = Release|Any CPU
		{D2494F36-30CD-43EF-8C99-C028B87FE6CE}.Debug|Any CPU.ActiveCfg = Debug|Any CPU
		{D2494F36-30CD-43EF-8C99-C028B87FE6CE}.Debug|Any CPU.Build.0 = Debug|Any CPU
		{D2494F36-30CD-43EF-8C99-C028B87FE6CE}.Release|Any CPU.ActiveCfg = Release|Any CPU
		{D2494F36-30CD-43EF-8C99-C028B87FE6CE}.Release|Any CPU.Build.0 = Release|Any CPU
		{5B18EC9C-EF29-4593-8D28-B00F566BB7B0}.Debug|Any CPU.ActiveCfg = Debug|Any CPU
		{5B18EC9C-EF29-4593-8D28-B00F566BB7B0}.Debug|Any CPU.Build.0 = Debug|Any CPU
		{5B18EC9C-EF29-4593-8D28-B00F566BB7B0}.Release|Any CPU.ActiveCfg = Release|Any CPU
		{5B18EC9C-EF29-4593-8D28-B00F566BB7B0}.Release|Any CPU.Build.0 = Release|Any CPU
		{19EF769F-FC7D-4383-80AF-6025D4EB5209}.Debug|Any CPU.ActiveCfg = Debug|Any CPU
		{19EF769F-FC7D-4383-80AF-6025D4EB5209}.Debug|Any CPU.Build.0 = Debug|Any CPU
		{19EF769F-FC7D-4383-80AF-6025D4EB5209}.Release|Any CPU.ActiveCfg = Release|Any CPU
		{19EF769F-FC7D-4383-80AF-6025D4EB5209}.Release|Any CPU.Build.0 = Release|Any CPU
		{5780BBC1-C359-4CA1-A7E1-6E4DA92EDF61}.Debug|Any CPU.ActiveCfg = Debug|Any CPU
		{5780BBC1-C359-4CA1-A7E1-6E4DA92EDF61}.Debug|Any CPU.Build.0 = Debug|Any CPU
		{5780BBC1-C359-4CA1-A7E1-6E4DA92EDF61}.Release|Any CPU.ActiveCfg = Release|Any CPU
		{5780BBC1-C359-4CA1-A7E1-6E4DA92EDF61}.Release|Any CPU.Build.0 = Release|Any CPU
		{924E50DD-5A22-4541-9113-41348E24502D}.Debug|Any CPU.ActiveCfg = Debug|Any CPU
		{924E50DD-5A22-4541-9113-41348E24502D}.Debug|Any CPU.Build.0 = Debug|Any CPU
		{924E50DD-5A22-4541-9113-41348E24502D}.Release|Any CPU.ActiveCfg = Release|Any CPU
		{924E50DD-5A22-4541-9113-41348E24502D}.Release|Any CPU.Build.0 = Release|Any CPU
		{2A04BA9D-8318-4DD6-AB3D-7D350F1C2C22}.Debug|Any CPU.ActiveCfg = Debug|Any CPU
		{2A04BA9D-8318-4DD6-AB3D-7D350F1C2C22}.Debug|Any CPU.Build.0 = Debug|Any CPU
		{2A04BA9D-8318-4DD6-AB3D-7D350F1C2C22}.Release|Any CPU.ActiveCfg = Release|Any CPU
		{2A04BA9D-8318-4DD6-AB3D-7D350F1C2C22}.Release|Any CPU.Build.0 = Release|Any CPU
		{8AAA9D07-B02A-4442-806C-C74E991A079C}.Debug|Any CPU.ActiveCfg = Debug|Any CPU
		{8AAA9D07-B02A-4442-806C-C74E991A079C}.Debug|Any CPU.Build.0 = Debug|Any CPU
		{8AAA9D07-B02A-4442-806C-C74E991A079C}.Release|Any CPU.ActiveCfg = Release|Any CPU
		{8AAA9D07-B02A-4442-806C-C74E991A079C}.Release|Any CPU.Build.0 = Release|Any CPU
		{4B34D8C7-3415-4718-BD5B-579B635344F6}.Debug|Any CPU.ActiveCfg = Debug|Any CPU
		{4B34D8C7-3415-4718-BD5B-579B635344F6}.Debug|Any CPU.Build.0 = Debug|Any CPU
		{4B34D8C7-3415-4718-BD5B-579B635344F6}.Release|Any CPU.ActiveCfg = Release|Any CPU
		{4B34D8C7-3415-4718-BD5B-579B635344F6}.Release|Any CPU.Build.0 = Release|Any CPU
		{027A92E3-FD75-430D-8B05-546D14C71B97}.Debug|Any CPU.ActiveCfg = Debug|Any CPU
		{027A92E3-FD75-430D-8B05-546D14C71B97}.Debug|Any CPU.Build.0 = Debug|Any CPU
		{027A92E3-FD75-430D-8B05-546D14C71B97}.Release|Any CPU.ActiveCfg = Release|Any CPU
		{027A92E3-FD75-430D-8B05-546D14C71B97}.Release|Any CPU.Build.0 = Release|Any CPU
		{0C94C5B8-37E2-4D3E-8BA8-66D9A7056214}.Debug|Any CPU.ActiveCfg = Debug|Any CPU
		{0C94C5B8-37E2-4D3E-8BA8-66D9A7056214}.Debug|Any CPU.Build.0 = Debug|Any CPU
		{0C94C5B8-37E2-4D3E-8BA8-66D9A7056214}.Release|Any CPU.ActiveCfg = Release|Any CPU
		{0C94C5B8-37E2-4D3E-8BA8-66D9A7056214}.Release|Any CPU.Build.0 = Release|Any CPU
		{956528EE-962D-4559-B87C-6ACD7633BD57}.Debug|Any CPU.ActiveCfg = Debug|Any CPU
		{956528EE-962D-4559-B87C-6ACD7633BD57}.Debug|Any CPU.Build.0 = Debug|Any CPU
		{956528EE-962D-4559-B87C-6ACD7633BD57}.Release|Any CPU.ActiveCfg = Release|Any CPU
		{956528EE-962D-4559-B87C-6ACD7633BD57}.Release|Any CPU.Build.0 = Release|Any CPU
		{6AE41422-C7EA-4268-8E42-E882F71489D3}.Debug|Any CPU.ActiveCfg = Debug|Any CPU
		{6AE41422-C7EA-4268-8E42-E882F71489D3}.Debug|Any CPU.Build.0 = Debug|Any CPU
		{6AE41422-C7EA-4268-8E42-E882F71489D3}.Release|Any CPU.ActiveCfg = Release|Any CPU
		{6AE41422-C7EA-4268-8E42-E882F71489D3}.Release|Any CPU.Build.0 = Release|Any CPU
	EndGlobalSection
	GlobalSection(SolutionProperties) = preSolution
		HideSolutionNode = FALSE
	EndGlobalSection
	GlobalSection(NestedProjects) = preSolution
		{14BA5A11-16DC-4D8E-B1DF-E6D8682613DD} = {A33F4673-E49E-4425-89F1-9C37729A306D}
		{414FE1F9-FBDC-4674-99CF-F64B235C37F4} = {A33F4673-E49E-4425-89F1-9C37729A306D}
		{9ECD8283-9FE7-4DCA-9493-798DE2B3B3F6} = {A33F4673-E49E-4425-89F1-9C37729A306D}
		{D2494F36-30CD-43EF-8C99-C028B87FE6CE} = {7153BA8F-C6F8-45FC-A271-06A710FD6F5E}
		{5B18EC9C-EF29-4593-8D28-B00F566BB7B0} = {7153BA8F-C6F8-45FC-A271-06A710FD6F5E}
		{19EF769F-FC7D-4383-80AF-6025D4EB5209} = {7153BA8F-C6F8-45FC-A271-06A710FD6F5E}
		{5780BBC1-C359-4CA1-A7E1-6E4DA92EDF61} = {9DBFF7FB-9C46-459D-954F-4519A2410EC2}
		{924E50DD-5A22-4541-9113-41348E24502D} = {9DBFF7FB-9C46-459D-954F-4519A2410EC2}
		{2A04BA9D-8318-4DD6-AB3D-7D350F1C2C22} = {9DBFF7FB-9C46-459D-954F-4519A2410EC2}
		{8AAA9D07-B02A-4442-806C-C74E991A079C} = {5C138345-110D-49FB-8720-4CBD344C09A8}
		{4B34D8C7-3415-4718-BD5B-579B635344F6} = {5C138345-110D-49FB-8720-4CBD344C09A8}
		{027A92E3-FD75-430D-8B05-546D14C71B97} = {5C138345-110D-49FB-8720-4CBD344C09A8}
		{0C94C5B8-37E2-4D3E-8BA8-66D9A7056214} = {FCF675D9-80D2-411F-85D7-7DF8152CB963}
		{956528EE-962D-4559-B87C-6ACD7633BD57} = {FCF675D9-80D2-411F-85D7-7DF8152CB963}
		{6AE41422-C7EA-4268-8E42-E882F71489D3} = {FCF675D9-80D2-411F-85D7-7DF8152CB963}
	EndGlobalSection
	GlobalSection(ExtensibilityGlobals) = postSolution
		SolutionGuid = {87810957-75FD-4A7A-B823-3F4878D856F7}
	EndGlobalSection
EndGlobal
